
Microsoft Visual Studio Solution File, Format Version 12.00
# Visual Studio Version 17
VisualStudioVersion = 17.1.32210.238
MinimumVisualStudioVersion = 10.0.40219.1
Project("{9A19103F-16F7-4668-BE54-9A1E7A4F7556}") = "Tmusic", "Tmusic\Tmusic.csproj", "{94775CB2-8948-4608-9E68-44015AE30970}"
EndProject
Project("{FAE04EC0-301F-11D3-BF4B-00C04F79EFBC}") = "Application", "Application\Application.csproj", "{47F1E71A-9827-4481-8A5C-117F459F3916}"
EndProject
Project("{FAE04EC0-301F-11D3-BF4B-00C04F79EFBC}") = "Domain", "Domain\Domain.csproj", "{2EDAE4F2-B80B-4901-B8CC-2BD078F625A8}"
EndProject
Global
	GlobalSection(SolutionConfigurationPlatforms) = preSolution
		Debug|Any CPU = Debug|Any CPU
		Release|Any CPU = Release|Any CPU
	EndGlobalSection
	GlobalSection(ProjectConfigurationPlatforms) = postSolution
		{94775CB2-8948-4608-9E68-44015AE30970}.Debug|Any CPU.ActiveCfg = Debug|Any CPU
		{94775CB2-8948-4608-9E68-44015AE30970}.Debug|Any CPU.Build.0 = Debug|Any CPU
		{94775CB2-8948-4608-9E68-44015AE30970}.Release|Any CPU.ActiveCfg = Release|Any CPU
		{94775CB2-8948-4608-9E68-44015AE30970}.Release|Any CPU.Build.0 = Release|Any CPU
		{47F1E71A-9827-4481-8A5C-117F459F3916}.Debug|Any CPU.ActiveCfg = Debug|Any CPU
		{47F1E71A-9827-4481-8A5C-117F459F3916}.Debug|Any CPU.Build.0 = Debug|Any CPU
		{47F1E71A-9827-4481-8A5C-117F459F3916}.Release|Any CPU.ActiveCfg = Release|Any CPU
		{47F1E71A-9827-4481-8A5C-117F459F3916}.Release|Any CPU.Build.0 = Release|Any CPU
		{2EDAE4F2-B80B-4901-B8CC-2BD078F625A8}.Debug|Any CPU.ActiveCfg = Debug|Any CPU
		{2EDAE4F2-B80B-4901-B8CC-2BD078F625A8}.Debug|Any CPU.Build.0 = Debug|Any CPU
		{2EDAE4F2-B80B-4901-B8CC-2BD078F625A8}.Release|Any CPU.ActiveCfg = Release|Any CPU
		{2EDAE4F2-B80B-4901-B8CC-2BD078F625A8}.Release|Any CPU.Build.0 = Release|Any CPU
	EndGlobalSection
	GlobalSection(SolutionProperties) = preSolution
		HideSolutionNode = FALSE
	EndGlobalSection
	GlobalSection(ExtensibilityGlobals) = postSolution
		SolutionGuid = {F4B1208F-F9DF-4DDF-A25A-686F81B81BD3}
	EndGlobalSection
EndGlobal
